
Microsoft Visual Studio Solution File, Format Version 12.00
# Visual Studio 2015
Project("{FAE04EC0-301F-11D3-BF4B-00C04F79EFBC}") = "SitM.CSharp.Plugins", "SitM.CSharp.Plugins.csproj", "{6295EBEC-34AB-ECB9-1997-0BDDF19F2236}"
EndProject
Project("{FAE04EC0-301F-11D3-BF4B-00C04F79EFBC}") = "SitM.CSharp", "SitM.CSharp.csproj", "{7A90E4BB-9E66-1193-B145-D776605B3D2A}"
EndProject
Project("{FAE04EC0-301F-11D3-BF4B-00C04F79EFBC}") = "SitM.CSharp.Editor", "SitM.CSharp.Editor.csproj", "{312F8B9D-404A-715F-B825-3DD5FC16A053}"
EndProject
Global
	GlobalSection(SolutionConfigurationPlatforms) = preSolution
		Debug|Any CPU = Debug|Any CPU
		Release|Any CPU = Release|Any CPU
	EndGlobalSection
	GlobalSection(ProjectConfigurationPlatforms) = postSolution
		{6295EBEC-34AB-ECB9-1997-0BDDF19F2236}.Debug|Any CPU.ActiveCfg = Debug|Any CPU
		{6295EBEC-34AB-ECB9-1997-0BDDF19F2236}.Debug|Any CPU.Build.0 = Debug|Any CPU
		{6295EBEC-34AB-ECB9-1997-0BDDF19F2236}.Release|Any CPU.ActiveCfg = Release|Any CPU
		{6295EBEC-34AB-ECB9-1997-0BDDF19F2236}.Release|Any CPU.Build.0 = Release|Any CPU
		{7A90E4BB-9E66-1193-B145-D776605B3D2A}.Debug|Any CPU.ActiveCfg = Debug|Any CPU
		{7A90E4BB-9E66-1193-B145-D776605B3D2A}.Debug|Any CPU.Build.0 = Debug|Any CPU
		{7A90E4BB-9E66-1193-B145-D776605B3D2A}.Release|Any CPU.ActiveCfg = Release|Any CPU
		{7A90E4BB-9E66-1193-B145-D776605B3D2A}.Release|Any CPU.Build.0 = Release|Any CPU
		{312F8B9D-404A-715F-B825-3DD5FC16A053}.Debug|Any CPU.ActiveCfg = Debug|Any CPU
		{312F8B9D-404A-715F-B825-3DD5FC16A053}.Debug|Any CPU.Build.0 = Debug|Any CPU
		{312F8B9D-404A-715F-B825-3DD5FC16A053}.Release|Any CPU.ActiveCfg = Release|Any CPU
		{312F8B9D-404A-715F-B825-3DD5FC16A053}.Release|Any CPU.Build.0 = Release|Any CPU
	EndGlobalSection
	GlobalSection(SolutionProperties) = preSolution
		HideSolutionNode = FALSE
	EndGlobalSection
EndGlobal
